// !$*UTF8*$!
{
	archiveVersion = 1;
	classes = {
	};
	objectVersion = 77;
	objects = {

/* Begin PBXBuildFile section */
		6461259C2D17F13F0069FA1E /* SDWebImageSwiftUI in Frameworks */ = {isa = PBXBuildFile; productRef = 6461259B2D17F13F0069FA1E /* SDWebImageSwiftUI */; };
		646125A92D17FB7D0069FA1E /* SwiftfulRouting in Frameworks */ = {isa = PBXBuildFile; productRef = 646125A82D17FB7D0069FA1E /* SwiftfulRouting */; };
		646125AC2D17FB880069FA1E /* SwiftfulUI in Frameworks */ = {isa = PBXBuildFile; productRef = 646125AB2D17FB880069FA1E /* SwiftfulUI */; };
/* End PBXBuildFile section */

/* Begin PBXContainerItemProxy section */
		646A08232D17ED7E005BC3B8 /* PBXContainerItemProxy */ = {
			isa = PBXContainerItemProxy;
			containerPortal = 646A08092D17ED7C005BC3B8 /* Project object */;
			proxyType = 1;
			remoteGlobalIDString = 646A08102D17ED7C005BC3B8;
			remoteInfo = SwiftUIExercise;
		};
		646A082D2D17ED7E005BC3B8 /* PBXContainerItemProxy */ = {
			isa = PBXContainerItemProxy;
			containerPortal = 646A08092D17ED7C005BC3B8 /* Project object */;
			proxyType = 1;
			remoteGlobalIDString = 646A08102D17ED7C005BC3B8;
			remoteInfo = SwiftUIExercise;
		};
/* End PBXContainerItemProxy section */

/* Begin PBXFileReference section */
		646A08112D17ED7C005BC3B8 /* SwiftUIExercise.app */ = {isa = PBXFileReference; explicitFileType = wrapper.application; includeInIndex = 0; path = SwiftUIExercise.app; sourceTree = BUILT_PRODUCTS_DIR; };
		646A08222D17ED7E005BC3B8 /* SwiftUIExerciseTests.xctest */ = {isa = PBXFileReference; explicitFileType = wrapper.cfbundle; includeInIndex = 0; path = SwiftUIExerciseTests.xctest; sourceTree = BUILT_PRODUCTS_DIR; };
		646A082C2D17ED7E005BC3B8 /* SwiftUIExerciseUITests.xctest */ = {isa = PBXFileReference; explicitFileType = wrapper.cfbundle; includeInIndex = 0; path = SwiftUIExerciseUITests.xctest; sourceTree = BUILT_PRODUCTS_DIR; };
/* End PBXFileReference section */

/* Begin PBXFileSystemSynchronizedRootGroup section */
		646A08132D17ED7C005BC3B8 /* SwiftUIExercise */ = {
			isa = PBXFileSystemSynchronizedRootGroup;
			path = SwiftUIExercise;
			sourceTree = "<group>";
		};
		646A08252D17ED7E005BC3B8 /* SwiftUIExerciseTests */ = {
			isa = PBXFileSystemSynchronizedRootGroup;
			path = SwiftUIExerciseTests;
			sourceTree = "<group>";
		};
		646A082F2D17ED7E005BC3B8 /* SwiftUIExerciseUITests */ = {
			isa = PBXFileSystemSynchronizedRootGroup;
			path = SwiftUIExerciseUITests;
			sourceTree = "<group>";
		};
/* End PBXFileSystemSynchronizedRootGroup section */

/* Begin PBXFrameworksBuildPhase section */
		646A080E2D17ED7C005BC3B8 /* Frameworks */ = {
			isa = PBXFrameworksBuildPhase;
			buildActionMask = 2147483647;
			files = (
				646125AC2D17FB880069FA1E /* SwiftfulUI in Frameworks */,
				6461259C2D17F13F0069FA1E /* SDWebImageSwiftUI in Frameworks */,
				646125A92D17FB7D0069FA1E /* SwiftfulRouting in Frameworks */,
			);
			runOnlyForDeploymentPostprocessing = 0;
		};
		646A081F2D17ED7E005BC3B8 /* Frameworks */ = {
			isa = PBXFrameworksBuildPhase;
			buildActionMask = 2147483647;
			files = (
			);
			runOnlyForDeploymentPostprocessing = 0;
		};
		646A08292D17ED7E005BC3B8 /* Frameworks */ = {
			isa = PBXFrameworksBuildPhase;
			buildActionMask = 2147483647;
			files = (
			);
			runOnlyForDeploymentPostprocessing = 0;
		};
/* End PBXFrameworksBuildPhase section */

/* Begin PBXGroup section */
		646A08082D17ED7C005BC3B8 = {
			isa = PBXGroup;
			children = (
				646A08132D17ED7C005BC3B8 /* SwiftUIExercise */,
				646A08252D17ED7E005BC3B8 /* SwiftUIExerciseTests */,
				646A082F2D17ED7E005BC3B8 /* SwiftUIExerciseUITests */,
				646A08122D17ED7C005BC3B8 /* Products */,
			);
			sourceTree = "<group>";
		};
		646A08122D17ED7C005BC3B8 /* Products */ = {
			isa = PBXGroup;
			children = (
				646A08112D17ED7C005BC3B8 /* SwiftUIExercise.app */,
				646A08222D17ED7E005BC3B8 /* SwiftUIExerciseTests.xctest */,
				646A082C2D17ED7E005BC3B8 /* SwiftUIExerciseUITests.xctest */,
			);
			name = Products;
			sourceTree = "<group>";
		};
/* End PBXGroup section */

/* Begin PBXNativeTarget section */
		646A08102D17ED7C005BC3B8 /* SwiftUIExercise */ = {
			isa = PBXNativeTarget;
			buildConfigurationList = 646A08362D17ED7E005BC3B8 /* Build configuration list for PBXNativeTarget "SwiftUIExercise" */;
			buildPhases = (
				646A080D2D17ED7C005BC3B8 /* Sources */,
				646A080E2D17ED7C005BC3B8 /* Frameworks */,
				646A080F2D17ED7C005BC3B8 /* Resources */,
			);
			buildRules = (
			);
			dependencies = (
			);
			fileSystemSynchronizedGroups = (
				646A08132D17ED7C005BC3B8 /* SwiftUIExercise */,
			);
			name = SwiftUIExercise;
			packageProductDependencies = (
				6461259B2D17F13F0069FA1E /* SDWebImageSwiftUI */,
				646125A82D17FB7D0069FA1E /* SwiftfulRouting */,
				646125AB2D17FB880069FA1E /* SwiftfulUI */,
			);
			productName = SwiftUIExercise;
			productReference = 646A08112D17ED7C005BC3B8 /* SwiftUIExercise.app */;
			productType = "com.apple.product-type.application";
		};
		646A08212D17ED7E005BC3B8 /* SwiftUIExerciseTests */ = {
			isa = PBXNativeTarget;
			buildConfigurationList = 646A08392D17ED7E005BC3B8 /* Build configuration list for PBXNativeTarget "SwiftUIExerciseTests" */;
			buildPhases = (
				646A081E2D17ED7E005BC3B8 /* Sources */,
				646A081F2D17ED7E005BC3B8 /* Frameworks */,
				646A08202D17ED7E005BC3B8 /* Resources */,
			);
			buildRules = (
			);
			dependencies = (
				646A08242D17ED7E005BC3B8 /* PBXTargetDependency */,
			);
			fileSystemSynchronizedGroups = (
				646A08252D17ED7E005BC3B8 /* SwiftUIExerciseTests */,
			);
			name = SwiftUIExerciseTests;
			packageProductDependencies = (
			);
			productName = SwiftUIExerciseTests;
			productReference = 646A08222D17ED7E005BC3B8 /* SwiftUIExerciseTests.xctest */;
			productType = "com.apple.product-type.bundle.unit-test";
		};
		646A082B2D17ED7E005BC3B8 /* SwiftUIExerciseUITests */ = {
			isa = PBXNativeTarget;
			buildConfigurationList = 646A083C2D17ED7E005BC3B8 /* Build configuration list for PBXNativeTarget "SwiftUIExerciseUITests" */;
			buildPhases = (
				646A08282D17ED7E005BC3B8 /* Sources */,
				646A08292D17ED7E005BC3B8 /* Frameworks */,
				646A082A2D17ED7E005BC3B8 /* Resources */,
			);
			buildRules = (
			);
			dependencies = (
				646A082E2D17ED7E005BC3B8 /* PBXTargetDependency */,
			);
			fileSystemSynchronizedGroups = (
				646A082F2D17ED7E005BC3B8 /* SwiftUIExerciseUITests */,
			);
			name = SwiftUIExerciseUITests;
			packageProductDependencies = (
			);
			productName = SwiftUIExerciseUITests;
			productReference = 646A082C2D17ED7E005BC3B8 /* SwiftUIExerciseUITests.xctest */;
			productType = "com.apple.product-type.bundle.ui-testing";
		};
/* End PBXNativeTarget section */

/* Begin PBXProject section */
		646A08092D17ED7C005BC3B8 /* Project object */ = {
			isa = PBXProject;
			attributes = {
				BuildIndependentTargetsInParallel = 1;
				LastSwiftUpdateCheck = 1600;
				LastUpgradeCheck = 1600;
				TargetAttributes = {
					646A08102D17ED7C005BC3B8 = {
						CreatedOnToolsVersion = 16.0;
					};
					646A08212D17ED7E005BC3B8 = {
						CreatedOnToolsVersion = 16.0;
						TestTargetID = 646A08102D17ED7C005BC3B8;
					};
					646A082B2D17ED7E005BC3B8 = {
						CreatedOnToolsVersion = 16.0;
						TestTargetID = 646A08102D17ED7C005BC3B8;
					};
				};
			};
			buildConfigurationList = 646A080C2D17ED7C005BC3B8 /* Build configuration list for PBXProject "SwiftUIExercise" */;
			developmentRegion = en;
			hasScannedForEncodings = 0;
			knownRegions = (
				en,
				Base,
			);
			mainGroup = 646A08082D17ED7C005BC3B8;
			minimizedProjectReferenceProxies = 1;
			packageReferences = (
				6461259A2D17F13F0069FA1E /* XCRemoteSwiftPackageReference "SDWebImageSwiftUI" */,
				646125A72D17FB7D0069FA1E /* XCRemoteSwiftPackageReference "SwiftfulRouting" */,
				646125AA2D17FB880069FA1E /* XCRemoteSwiftPackageReference "SwiftfulUI" */,
			);
			preferredProjectObjectVersion = 77;
			productRefGroup = 646A08122D17ED7C005BC3B8 /* Products */;
			projectDirPath = "";
			projectRoot = "";
			targets = (
				646A08102D17ED7C005BC3B8 /* SwiftUIExercise */,
				646A08212D17ED7E005BC3B8 /* SwiftUIExerciseTests */,
				646A082B2D17ED7E005BC3B8 /* SwiftUIExerciseUITests */,
			);
		};
/* End PBXProject section */

/* Begin PBXResourcesBuildPhase section */
		646A080F2D17ED7C005BC3B8 /* Resources */ = {
			isa = PBXResourcesBuildPhase;
			buildActionMask = 2147483647;
			files = (
			);
			runOnlyForDeploymentPostprocessing = 0;
		};
		646A08202D17ED7E005BC3B8 /* Resources */ = {
			isa = PBXResourcesBuildPhase;
			buildActionMask = 2147483647;
			files = (
			);
			runOnlyForDeploymentPostprocessing = 0;
		};
		646A082A2D17ED7E005BC3B8 /* Resources */ = {
			isa = PBXResourcesBuildPhase;
			buildActionMask = 2147483647;
			files = (
			);
			runOnlyForDeploymentPostprocessing = 0;
		};
/* End PBXResourcesBuildPhase section */

/* Begin PBXSourcesBuildPhase section */
		646A080D2D17ED7C005BC3B8 /* Sources */ = {
			isa = PBXSourcesBuildPhase;
			buildActionMask = 2147483647;
			files = (
			);
			runOnlyForDeploymentPostprocessing = 0;
		};
		646A081E2D17ED7E005BC3B8 /* Sources */ = {
			isa = PBXSourcesBuildPhase;
			buildActionMask = 2147483647;
			files = (
			);
			runOnlyForDeploymentPostprocessing = 0;
		};
		646A08282D17ED7E005BC3B8 /* Sources */ = {
			isa = PBXSourcesBuildPhase;
			buildActionMask = 2147483647;
			files = (
			);
			runOnlyForDeploymentPostprocessing = 0;
		};
/* End PBXSourcesBuildPhase section */

/* Begin PBXTargetDependency section */
		646A08242D17ED7E005BC3B8 /* PBXTargetDependency */ = {
			isa = PBXTargetDependency;
			target = 646A08102D17ED7C005BC3B8 /* SwiftUIExercise */;
			targetProxy = 646A08232D17ED7E005BC3B8 /* PBXContainerItemProxy */;
		};
		646A082E2D17ED7E005BC3B8 /* PBXTargetDependency */ = {
			isa = PBXTargetDependency;
			target = 646A08102D17ED7C005BC3B8 /* SwiftUIExercise */;
			targetProxy = 646A082D2D17ED7E005BC3B8 /* PBXContainerItemProxy */;
		};
/* End PBXTargetDependency section */

/* Begin XCBuildConfiguration section */
		646A08342D17ED7E005BC3B8 /* Debug */ = {
			isa = XCBuildConfiguration;
			buildSettings = {
				ALWAYS_SEARCH_USER_PATHS = NO;
				ASSETCATALOG_COMPILER_GENERATE_SWIFT_ASSET_SYMBOL_EXTENSIONS = YES;
				CLANG_ANALYZER_NONNULL = YES;
				CLANG_ANALYZER_NUMBER_OBJECT_CONVERSION = YES_AGGRESSIVE;
				CLANG_CXX_LANGUAGE_STANDARD = "gnu++20";
				CLANG_ENABLE_MODULES = YES;
				CLANG_ENABLE_OBJC_ARC = YES;
				CLANG_ENABLE_OBJC_WEAK = YES;
				CLANG_WARN_BLOCK_CAPTURE_AUTORELEASING = YES;
				CLANG_WARN_BOOL_CONVERSION = YES;
				CLANG_WARN_COMMA = YES;
				CLANG_WARN_CONSTANT_CONVERSION = YES;
				CLANG_WARN_DEPRECATED_OBJC_IMPLEMENTATIONS = YES;
				CLANG_WARN_DIRECT_OBJC_ISA_USAGE = YES_ERROR;
				CLANG_WARN_DOCUMENTATION_COMMENTS = YES;
				CLANG_WARN_EMPTY_BODY = YES;
				CLANG_WARN_ENUM_CONVERSION = YES;
				CLANG_WARN_INFINITE_RECURSION = YES;
				CLANG_WARN_INT_CONVERSION = YES;
				CLANG_WARN_NON_LITERAL_NULL_CONVERSION = YES;
				CLANG_WARN_OBJC_IMPLICIT_RETAIN_SELF = YES;
				CLANG_WARN_OBJC_LITERAL_CONVERSION = YES;
				CLANG_WARN_OBJC_ROOT_CLASS = YES_ERROR;
				CLANG_WARN_QUOTED_INCLUDE_IN_FRAMEWORK_HEADER = YES;
				CLANG_WARN_RANGE_LOOP_ANALYSIS = YES;
				CLANG_WARN_STRICT_PROTOTYPES = YES;
				CLANG_WARN_SUSPICIOUS_MOVE = YES;
				CLANG_WARN_UNGUARDED_AVAILABILITY = YES_AGGRESSIVE;
				CLANG_WARN_UNREACHABLE_CODE = YES;
				CLANG_WARN__DUPLICATE_METHOD_MATCH = YES;
				COPY_PHASE_STRIP = NO;
				DEBUG_INFORMATION_FORMAT = dwarf;
				ENABLE_STRICT_OBJC_MSGSEND = YES;
				ENABLE_TESTABILITY = YES;
				ENABLE_USER_SCRIPT_SANDBOXING = YES;
				GCC_C_LANGUAGE_STANDARD = gnu17;
				GCC_DYNAMIC_NO_PIC = NO;
				GCC_NO_COMMON_BLOCKS = YES;
				GCC_OPTIMIZATION_LEVEL = 0;
				GCC_PREPROCESSOR_DEFINITIONS = (
					"DEBUG=1",
					"$(inherited)",
				);
				GCC_WARN_64_TO_32_BIT_CONVERSION = YES;
				GCC_WARN_ABOUT_RETURN_TYPE = YES_ERROR;
				GCC_WARN_UNDECLARED_SELECTOR = YES;
				GCC_WARN_UNINITIALIZED_AUTOS = YES_AGGRESSIVE;
				GCC_WARN_UNUSED_FUNCTION = YES;
				GCC_WARN_UNUSED_VARIABLE = YES;
				LOCALIZATION_PREFERS_STRING_CATALOGS = YES;
				MTL_ENABLE_DEBUG_INFO = INCLUDE_SOURCE;
				MTL_FAST_MATH = YES;
				ONLY_ACTIVE_ARCH = YES;
				SWIFT_ACTIVE_COMPILATION_CONDITIONS = "DEBUG $(inherited)";
				SWIFT_OPTIMIZATION_LEVEL = "-Onone";
			};
			name = Debug;
		};
		646A08352D17ED7E005BC3B8 /* Release */ = {
			isa = XCBuildConfiguration;
			buildSettings = {
				ALWAYS_SEARCH_USER_PATHS = NO;
				ASSETCATALOG_COMPILER_GENERATE_SWIFT_ASSET_SYMBOL_EXTENSIONS = YES;
				CLANG_ANALYZER_NONNULL = YES;
				CLANG_ANALYZER_NUMBER_OBJECT_CONVERSION = YES_AGGRESSIVE;
				CLANG_CXX_LANGUAGE_STANDARD = "gnu++20";
				CLANG_ENABLE_MODULES = YES;
				CLANG_ENABLE_OBJC_ARC = YES;
				CLANG_ENABLE_OBJC_WEAK = YES;
				CLANG_WARN_BLOCK_CAPTURE_AUTORELEASING = YES;
				CLANG_WARN_BOOL_CONVERSION = YES;
				CLANG_WARN_COMMA = YES;
				CLANG_WARN_CONSTANT_CONVERSION = YES;
				CLANG_WARN_DEPRECATED_OBJC_IMPLEMENTATIONS = YES;
				CLANG_WARN_DIRECT_OBJC_ISA_USAGE = YES_ERROR;
				CLANG_WARN_DOCUMENTATION_COMMENTS = YES;
				CLANG_WARN_EMPTY_BODY = YES;
				CLANG_WARN_ENUM_CONVERSION = YES;
				CLANG_WARN_INFINITE_RECURSION = YES;
				CLANG_WARN_INT_CONVERSION = YES;
				CLANG_WARN_NON_LITERAL_NULL_CONVERSION = YES;
				CLANG_WARN_OBJC_IMPLICIT_RETAIN_SELF = YES;
				CLANG_WARN_OBJC_LITERAL_CONVERSION = YES;
				CLANG_WARN_OBJC_ROOT_CLASS = YES_ERROR;
				CLANG_WARN_QUOTED_INCLUDE_IN_FRAMEWORK_HEADER = YES;
				CLANG_WARN_RANGE_LOOP_ANALYSIS = YES;
				CLANG_WARN_STRICT_PROTOTYPES = YES;
				CLANG_WARN_SUSPICIOUS_MOVE = YES;
				CLANG_WARN_UNGUARDED_AVAILABILITY = YES_AGGRESSIVE;
				CLANG_WARN_UNREACHABLE_CODE = YES;
				CLANG_WARN__DUPLICATE_METHOD_MATCH = YES;
				COPY_PHASE_STRIP = NO;
				DEBUG_INFORMATION_FORMAT = "dwarf-with-dsym";
				ENABLE_NS_ASSERTIONS = NO;
				ENABLE_STRICT_OBJC_MSGSEND = YES;
				ENABLE_USER_SCRIPT_SANDBOXING = YES;
				GCC_C_LANGUAGE_STANDARD = gnu17;
				GCC_NO_COMMON_BLOCKS = YES;
				GCC_WARN_64_TO_32_BIT_CONVERSION = YES;
				GCC_WARN_ABOUT_RETURN_TYPE = YES_ERROR;
				GCC_WARN_UNDECLARED_SELECTOR = YES;
				GCC_WARN_UNINITIALIZED_AUTOS = YES_AGGRESSIVE;
				GCC_WARN_UNUSED_FUNCTION = YES;
				GCC_WARN_UNUSED_VARIABLE = YES;
				LOCALIZATION_PREFERS_STRING_CATALOGS = YES;
				MTL_ENABLE_DEBUG_INFO = NO;
				MTL_FAST_MATH = YES;
				SWIFT_COMPILATION_MODE = wholemodule;
			};
			name = Release;
		};
		646A08372D17ED7E005BC3B8 /* Debug */ = {
			isa = XCBuildConfiguration;
			buildSettings = {
				ASSETCATALOG_COMPILER_APPICON_NAME = AppIcon;
				ASSETCATALOG_COMPILER_GLOBAL_ACCENT_COLOR_NAME = AccentColor;
				CODE_SIGN_ENTITLEMENTS = SwiftUIExercise/SwiftUIExercise.entitlements;
				CODE_SIGN_STYLE = Automatic;
				CURRENT_PROJECT_VERSION = 1;
				DEVELOPMENT_ASSET_PATHS = "\"SwiftUIExercise/Preview Content\"";
				DEVELOPMENT_TEAM = 8W2QVSMGJ3;
				ENABLE_HARDENED_RUNTIME = YES;
				ENABLE_PREVIEWS = YES;
				GENERATE_INFOPLIST_FILE = YES;
				"INFOPLIST_KEY_UIApplicationSceneManifest_Generation[sdk=iphoneos*]" = YES;
				"INFOPLIST_KEY_UIApplicationSceneManifest_Generation[sdk=iphonesimulator*]" = YES;
				"INFOPLIST_KEY_UIApplicationSupportsIndirectInputEvents[sdk=iphoneos*]" = YES;
				"INFOPLIST_KEY_UIApplicationSupportsIndirectInputEvents[sdk=iphonesimulator*]" = YES;
				"INFOPLIST_KEY_UILaunchScreen_Generation[sdk=iphoneos*]" = YES;
				"INFOPLIST_KEY_UILaunchScreen_Generation[sdk=iphonesimulator*]" = YES;
				"INFOPLIST_KEY_UIStatusBarStyle[sdk=iphoneos*]" = UIStatusBarStyleDefault;
				"INFOPLIST_KEY_UIStatusBarStyle[sdk=iphonesimulator*]" = UIStatusBarStyleDefault;
				INFOPLIST_KEY_UISupportedInterfaceOrientations_iPad = "UIInterfaceOrientationPortrait UIInterfaceOrientationPortraitUpsideDown UIInterfaceOrientationLandscapeLeft UIInterfaceOrientationLandscapeRight";
				INFOPLIST_KEY_UISupportedInterfaceOrientations_iPhone = "UIInterfaceOrientationPortrait UIInterfaceOrientationLandscapeLeft UIInterfaceOrientationLandscapeRight";
				IPHONEOS_DEPLOYMENT_TARGET = 18.0;
				LD_RUNPATH_SEARCH_PATHS = "@executable_path/Frameworks";
				"LD_RUNPATH_SEARCH_PATHS[sdk=macosx*]" = "@executable_path/../Frameworks";
				MACOSX_DEPLOYMENT_TARGET = 15.0;
				MARKETING_VERSION = 1.0;
				PRODUCT_BUNDLE_IDENTIFIER = com.iosroadmap.SwiftUIExercise;
				PRODUCT_NAME = "$(TARGET_NAME)";
				SDKROOT = auto;
				SUPPORTED_PLATFORMS = "iphoneos iphonesimulator macosx xros xrsimulator";
				SWIFT_EMIT_LOC_STRINGS = YES;
				SWIFT_VERSION = 5.0;
				TARGETED_DEVICE_FAMILY = "1,2,7";
				XROS_DEPLOYMENT_TARGET = 2.0;
			};
			name = Debug;
		};
		646A08382D17ED7E005BC3B8 /* Release */ = {
			isa = XCBuildConfiguration;
			buildSettings = {
				ASSETCATALOG_COMPILER_APPICON_NAME = AppIcon;
				ASSETCATALOG_COMPILER_GLOBAL_ACCENT_COLOR_NAME = AccentColor;
				CODE_SIGN_ENTITLEMENTS = SwiftUIExercise/SwiftUIExercise.entitlements;
				CODE_SIGN_STYLE = Automatic;
				CURRENT_PROJECT_VERSION = 1;
				DEVELOPMENT_ASSET_PATHS = "\"SwiftUIExercise/Preview Content\"";
				DEVELOPMENT_TEAM = 8W2QVSMGJ3;
				ENABLE_HARDENED_RUNTIME = YES;
				ENABLE_PREVIEWS = YES;
				GENERATE_INFOPLIST_FILE = YES;
				"INFOPLIST_KEY_UIApplicationSceneManifest_Generation[sdk=iphoneos*]" = YES;
				"INFOPLIST_KEY_UIApplicationSceneManifest_Generation[sdk=iphonesimulator*]" = YES;
				"INFOPLIST_KEY_UIApplicationSupportsIndirectInputEvents[sdk=iphoneos*]" = YES;
				"INFOPLIST_KEY_UIApplicationSupportsIndirectInputEvents[sdk=iphonesimulator*]" = YES;
				"INFOPLIST_KEY_UILaunchScreen_Generation[sdk=iphoneos*]" = YES;
				"INFOPLIST_KEY_UILaunchScreen_Generation[sdk=iphonesimulator*]" = YES;
				"INFOPLIST_KEY_UIStatusBarStyle[sdk=iphoneos*]" = UIStatusBarStyleDefault;
				"INFOPLIST_KEY_UIStatusBarStyle[sdk=iphonesimulator*]" = UIStatusBarStyleDefault;
				INFOPLIST_KEY_UISupportedInterfaceOrientations_iPad = "UIInterfaceOrientationPortrait UIInterfaceOrientationPortraitUpsideDown UIInterfaceOrientationLandscapeLeft UIInterfaceOrientationLandscapeRight";
				INFOPLIST_KEY_UISupportedInterfaceOrientations_iPhone = "UIInterfaceOrientationPortrait UIInterfaceOrientationLandscapeLeft UIInterfaceOrientationLandscapeRight";
				IPHONEOS_DEPLOYMENT_TARGET = 18.0;
				LD_RUNPATH_SEARCH_PATHS = "@executable_path/Frameworks";
				"LD_RUNPATH_SEARCH_PATHS[sdk=macosx*]" = "@executable_path/../Frameworks";
				MACOSX_DEPLOYMENT_TARGET = 15.0;
				MARKETING_VERSION = 1.0;
				PRODUCT_BUNDLE_IDENTIFIER = com.iosroadmap.SwiftUIExercise;
				PRODUCT_NAME = "$(TARGET_NAME)";
				SDKROOT = auto;
				SUPPORTED_PLATFORMS = "iphoneos iphonesimulator macosx xros xrsimulator";
				SWIFT_EMIT_LOC_STRINGS = YES;
				SWIFT_VERSION = 5.0;
				TARGETED_DEVICE_FAMILY = "1,2,7";
				XROS_DEPLOYMENT_TARGET = 2.0;
			};
			name = Release;
		};
		646A083A2D17ED7E005BC3B8 /* Debug */ = {
			isa = XCBuildConfiguration;
			buildSettings = {
				BUNDLE_LOADER = "$(TEST_HOST)";
				CODE_SIGN_STYLE = Automatic;
				CURRENT_PROJECT_VERSION = 1;
				DEVELOPMENT_TEAM = 8W2QVSMGJ3;
				GENERATE_INFOPLIST_FILE = YES;
				IPHONEOS_DEPLOYMENT_TARGET = 18.0;
				MACOSX_DEPLOYMENT_TARGET = 15.0;
				MARKETING_VERSION = 1.0;
				PRODUCT_BUNDLE_IDENTIFIER = com.iosroadmap.SwiftUIExerciseTests;
				PRODUCT_NAME = "$(TARGET_NAME)";
				SDKROOT = auto;
				SUPPORTED_PLATFORMS = "iphoneos iphonesimulator macosx xros xrsimulator";
				SWIFT_EMIT_LOC_STRINGS = NO;
				SWIFT_VERSION = 5.0;
				TARGETED_DEVICE_FAMILY = "1,2,7";
				TEST_HOST = "$(BUILT_PRODUCTS_DIR)/SwiftUIExercise.app/$(BUNDLE_EXECUTABLE_FOLDER_PATH)/SwiftUIExercise";
				XROS_DEPLOYMENT_TARGET = 2.0;
			};
			name = Debug;
		};
		646A083B2D17ED7E005BC3B8 /* Release */ = {
			isa = XCBuildConfiguration;
			buildSettings = {
				BUNDLE_LOADER = "$(TEST_HOST)";
				CODE_SIGN_STYLE = Automatic;
				CURRENT_PROJECT_VERSION = 1;
				DEVELOPMENT_TEAM = 8W2QVSMGJ3;
				GENERATE_INFOPLIST_FILE = YES;
				IPHONEOS_DEPLOYMENT_TARGET = 18.0;
				MACOSX_DEPLOYMENT_TARGET = 15.0;
				MARKETING_VERSION = 1.0;
				PRODUCT_BUNDLE_IDENTIFIER = com.iosroadmap.SwiftUIExerciseTests;
				PRODUCT_NAME = "$(TARGET_NAME)";
				SDKROOT = auto;
				SUPPORTED_PLATFORMS = "iphoneos iphonesimulator macosx xros xrsimulator";
				SWIFT_EMIT_LOC_STRINGS = NO;
				SWIFT_VERSION = 5.0;
				TARGETED_DEVICE_FAMILY = "1,2,7";
				TEST_HOST = "$(BUILT_PRODUCTS_DIR)/SwiftUIExercise.app/$(BUNDLE_EXECUTABLE_FOLDER_PATH)/SwiftUIExercise";
				XROS_DEPLOYMENT_TARGET = 2.0;
			};
			name = Release;
		};
		646A083D2D17ED7E005BC3B8 /* Debug */ = {
			isa = XCBuildConfiguration;
			buildSettings = {
				CODE_SIGN_STYLE = Automatic;
				CURRENT_PROJECT_VERSION = 1;
				DEVELOPMENT_TEAM = 8W2QVSMGJ3;
				GENERATE_INFOPLIST_FILE = YES;
				IPHONEOS_DEPLOYMENT_TARGET = 18.0;
				MACOSX_DEPLOYMENT_TARGET = 15.0;
				MARKETING_VERSION = 1.0;
				PRODUCT_BUNDLE_IDENTIFIER = com.iosroadmap.SwiftUIExerciseUITests;
				PRODUCT_NAME = "$(TARGET_NAME)";
				SDKROOT = auto;
				SUPPORTED_PLATFORMS = "iphoneos iphonesimulator macosx xros xrsimulator";
				SWIFT_EMIT_LOC_STRINGS = NO;
				SWIFT_VERSION = 5.0;
				TARGETED_DEVICE_FAMILY = "1,2,7";
				TEST_TARGET_NAME = SwiftUIExercise;
				XROS_DEPLOYMENT_TARGET = 2.0;
			};
			name = Debug;
		};
		646A083E2D17ED7E005BC3B8 /* Release */ = {
			isa = XCBuildConfiguration;
			buildSettings = {
				CODE_SIGN_STYLE = Automatic;
				CURRENT_PROJECT_VERSION = 1;
				DEVELOPMENT_TEAM = 8W2QVSMGJ3;
				GENERATE_INFOPLIST_FILE = YES;
				IPHONEOS_DEPLOYMENT_TARGET = 18.0;
				MACOSX_DEPLOYMENT_TARGET = 15.0;
				MARKETING_VERSION = 1.0;
				PRODUCT_BUNDLE_IDENTIFIER = com.iosroadmap.SwiftUIExerciseUITests;
				PRODUCT_NAME = "$(TARGET_NAME)";
				SDKROOT = auto;
				SUPPORTED_PLATFORMS = "iphoneos iphonesimulator macosx xros xrsimulator";
				SWIFT_EMIT_LOC_STRINGS = NO;
				SWIFT_VERSION = 5.0;
				TARGETED_DEVICE_FAMILY = "1,2,7";
				TEST_TARGET_NAME = SwiftUIExercise;
				XROS_DEPLOYMENT_TARGET = 2.0;
			};
			name = Release;
		};
/* End XCBuildConfiguration section */

/* Begin XCConfigurationList section */
		646A080C2D17ED7C005BC3B8 /* Build configuration list for PBXProject "SwiftUIExercise" */ = {
			isa = XCConfigurationList;
			buildConfigurations = (
				646A08342D17ED7E005BC3B8 /* Debug */,
				646A08352D17ED7E005BC3B8 /* Release */,
			);
			defaultConfigurationIsVisible = 0;
			defaultConfigurationName = Release;
		};
		646A08362D17ED7E005BC3B8 /* Build configuration list for PBXNativeTarget "SwiftUIExercise" */ = {
			isa = XCConfigurationList;
			buildConfigurations = (
				646A08372D17ED7E005BC3B8 /* Debug */,
				646A08382D17ED7E005BC3B8 /* Release */,
			);
			defaultConfigurationIsVisible = 0;
			defaultConfigurationName = Release;
		};
		646A08392D17ED7E005BC3B8 /* Build configuration list for PBXNativeTarget "SwiftUIExerciseTests" */ = {
			isa = XCConfigurationList;
			buildConfigurations = (
				646A083A2D17ED7E005BC3B8 /* Debug */,
				646A083B2D17ED7E005BC3B8 /* Release */,
			);
			defaultConfigurationIsVisible = 0;
			defaultConfigurationName = Release;
		};
		646A083C2D17ED7E005BC3B8 /* Build configuration list for PBXNativeTarget "SwiftUIExerciseUITests" */ = {
			isa = XCConfigurationList;
			buildConfigurations = (
				646A083D2D17ED7E005BC3B8 /* Debug */,
				646A083E2D17ED7E005BC3B8 /* Release */,
			);
			defaultConfigurationIsVisible = 0;
			defaultConfigurationName = Release;
		};
/* End XCConfigurationList section */

/* Begin XCRemoteSwiftPackageReference section */
		6461259A2D17F13F0069FA1E /* XCRemoteSwiftPackageReference "SDWebImageSwiftUI" */ = {
			isa = XCRemoteSwiftPackageReference;
			repositoryURL = "https://github.com/SDWebImage/SDWebImageSwiftUI.git";
			requirement = {
				kind = upToNextMajorVersion;
				minimumVersion = 3.1.3;
			};
		};
		646125A72D17FB7D0069FA1E /* XCRemoteSwiftPackageReference "SwiftfulRouting" */ = {
			isa = XCRemoteSwiftPackageReference;
			repositoryURL = "https://github.com/SwiftfulThinking/SwiftfulRouting.git";
			requirement = {
				kind = upToNextMajorVersion;
				minimumVersion = 5.3.6;
			};
		};
		646125AA2D17FB880069FA1E /* XCRemoteSwiftPackageReference "SwiftfulUI" */ = {
			isa = XCRemoteSwiftPackageReference;
			repositoryURL = "https://github.com/SwiftfulThinking/SwiftfulUI.git";
			requirement = {
				kind = upToNextMajorVersion;
				minimumVersion = 1.2.0;
			};
		};
/* End XCRemoteSwiftPackageReference section */

/* Begin XCSwiftPackageProductDependency section */
		6461259B2D17F13F0069FA1E /* SDWebImageSwiftUI */ = {
			isa = XCSwiftPackageProductDependency;
			package = 6461259A2D17F13F0069FA1E /* XCRemoteSwiftPackageReference "SDWebImageSwiftUI" */;
			productName = SDWebImageSwiftUI;
		};
		646125A82D17FB7D0069FA1E /* SwiftfulRouting */ = {
			isa = XCSwiftPackageProductDependency;
			package = 646125A72D17FB7D0069FA1E /* XCRemoteSwiftPackageReference "SwiftfulRouting" */;
			productName = SwiftfulRouting;
		};
		646125AB2D17FB880069FA1E /* SwiftfulUI */ = {
			isa = XCSwiftPackageProductDependency;
			package = 646125AA2D17FB880069FA1E /* XCRemoteSwiftPackageReference "SwiftfulUI" */;
			productName = SwiftfulUI;
		};
/* End XCSwiftPackageProductDependency section */
	};
	rootObject = 646A08092D17ED7C005BC3B8 /* Project object */;
}
